// !$*UTF8*$!
{
	archiveVersion = 1;
	classes = {
	};
	objectVersion = 50;
	objects = {

/* Begin PBXBuildFile section */
		59279EB624E491D000BB70EA /* AppDelegate.swift in Sources */ = {isa = PBXBuildFile; fileRef = 59279EB524E491D000BB70EA /* AppDelegate.swift */; };
		59279EB824E491D000BB70EA /* SceneDelegate.swift in Sources */ = {isa = PBXBuildFile; fileRef = 59279EB724E491D000BB70EA /* SceneDelegate.swift */; };
		59279EBA24E491D000BB70EA /* ViewController.swift in Sources */ = {isa = PBXBuildFile; fileRef = 59279EB924E491D000BB70EA /* ViewController.swift */; };
		59279EBD24E491D000BB70EA /* Main.storyboard in Resources */ = {isa = PBXBuildFile; fileRef = 59279EBB24E491D000BB70EA /* Main.storyboard */; };
		59279EBF24E491D400BB70EA /* Assets.xcassets in Resources */ = {isa = PBXBuildFile; fileRef = 59279EBE24E491D400BB70EA /* Assets.xcassets */; };
		59279EC224E491D400BB70EA /* LaunchScreen.storyboard in Resources */ = {isa = PBXBuildFile; fileRef = 59279EC024E491D400BB70EA /* LaunchScreen.storyboard */; };
		59279ECB24E495FE00BB70EA /* EFHMXibView.swift in Sources */ = {isa = PBXBuildFile; fileRef = 59279ECA24E495FE00BB70EA /* EFHMXibView.swift */; };
		59279ECD24E4962900BB70EA /* NSObject+Extension.swift in Sources */ = {isa = PBXBuildFile; fileRef = 59279ECC24E4962900BB70EA /* NSObject+Extension.swift */; };
		59279ED024E4969700BB70EA /* EFHMPageViewController.swift in Sources */ = {isa = PBXBuildFile; fileRef = 59279ECF24E4969700BB70EA /* EFHMPageViewController.swift */; };
		59279ED224E496F500BB70EA /* EFHMHomePageController.swift in Sources */ = {isa = PBXBuildFile; fileRef = 59279ED124E496F500BB70EA /* EFHMHomePageController.swift */; };
		59279ED424E4972D00BB70EA /* EFHMIndexPageController.swift in Sources */ = {isa = PBXBuildFile; fileRef = 59279ED324E4972D00BB70EA /* EFHMIndexPageController.swift */; };
		59897C4225010BD8007DA16C /* EFHMProgressBody.xib in Resources */ = {isa = PBXBuildFile; fileRef = 59897C3F25010BD8007DA16C /* EFHMProgressBody.xib */; };
		59897C4325010BD8007DA16C /* EFHMHomeViewController.swift in Sources */ = {isa = PBXBuildFile; fileRef = 59897C4025010BD8007DA16C /* EFHMHomeViewController.swift */; };
		59897C4425010BD8007DA16C /* EFHMProgressBody.swift in Sources */ = {isa = PBXBuildFile; fileRef = 59897C4125010BD8007DA16C /* EFHMProgressBody.swift */; };
		59C464F62503695C008EAE66 /* EFHMTopBarForQuiz.xib in Resources */ = {isa = PBXBuildFile; fileRef = 59C464F02503695B008EAE66 /* EFHMTopBarForQuiz.xib */; };
		59C464F72503695C008EAE66 /* EFHMTopBar.swift in Sources */ = {isa = PBXBuildFile; fileRef = 59C464F12503695C008EAE66 /* EFHMTopBar.swift */; };
		59C464F82503695C008EAE66 /* EFHMTopBarForQuiz2.swift in Sources */ = {isa = PBXBuildFile; fileRef = 59C464F22503695C008EAE66 /* EFHMTopBarForQuiz2.swift */; };
		59C464F92503695C008EAE66 /* EFHMTopBarForQuiz.swift in Sources */ = {isa = PBXBuildFile; fileRef = 59C464F32503695C008EAE66 /* EFHMTopBarForQuiz.swift */; };
		59C464FA2503695C008EAE66 /* EFHMTopBar.xib in Resources */ = {isa = PBXBuildFile; fileRef = 59C464F42503695C008EAE66 /* EFHMTopBar.xib */; };
		59C464FB2503695C008EAE66 /* EFHMTopBarForQuiz2.xib in Resources */ = {isa = PBXBuildFile; fileRef = 59C464F52503695C008EAE66 /* EFHMTopBarForQuiz2.xib */; };
		59C464FF25036C59008EAE66 /* EFHMVocabularyViewController.swift in Sources */ = {isa = PBXBuildFile; fileRef = 59C464FC25036C59008EAE66 /* EFHMVocabularyViewController.swift */; };
		59C4650025036C59008EAE66 /* EFHMVocabulary.swift in Sources */ = {isa = PBXBuildFile; fileRef = 59C464FD25036C59008EAE66 /* EFHMVocabulary.swift */; };
		59C4650125036C59008EAE66 /* EFHMVocabulary.xib in Resources */ = {isa = PBXBuildFile; fileRef = 59C464FE25036C59008EAE66 /* EFHMVocabulary.xib */; };
		59C465072503738B008EAE66 /* EFHMSentence.swift in Sources */ = {isa = PBXBuildFile; fileRef = 59C465032503738B008EAE66 /* EFHMSentence.swift */; };
		59C465092503738B008EAE66 /* EFHMSentenceViewController.swift in Sources */ = {isa = PBXBuildFile; fileRef = 59C465052503738B008EAE66 /* EFHMSentenceViewController.swift */; };
		59C4650A2503738B008EAE66 /* EFHMSentence.xib in Resources */ = {isa = PBXBuildFile; fileRef = 59C465062503738B008EAE66 /* EFHMSentence.xib */; };
		59C4650F25037943008EAE66 /* EFHMConversation.xib in Resources */ = {isa = PBXBuildFile; fileRef = 59C4650C25037942008EAE66 /* EFHMConversation.xib */; };
		59C4651025037943008EAE66 /* EFHMConversationViewController.swift in Sources */ = {isa = PBXBuildFile; fileRef = 59C4650D25037942008EAE66 /* EFHMConversationViewController.swift */; };
		59C4651125037943008EAE66 /* EFHMConversation.swift in Sources */ = {isa = PBXBuildFile; fileRef = 59C4650E25037943008EAE66 /* EFHMConversation.swift */; };
/* End PBXBuildFile section */

/* Begin PBXFileReference section */
		59279EB224E491D000BB70EA /* EnglishForHotelManagement.app */ = {isa = PBXFileReference; explicitFileType = wrapper.application; includeInIndex = 0; path = EnglishForHotelManagement.app; sourceTree = BUILT_PRODUCTS_DIR; };
		59279EB524E491D000BB70EA /* AppDelegate.swift */ = {isa = PBXFileReference; lastKnownFileType = sourcecode.swift; path = AppDelegate.swift; sourceTree = "<group>"; };
		59279EB724E491D000BB70EA /* SceneDelegate.swift */ = {isa = PBXFileReference; lastKnownFileType = sourcecode.swift; path = SceneDelegate.swift; sourceTree = "<group>"; };
		59279EB924E491D000BB70EA /* ViewController.swift */ = {isa = PBXFileReference; lastKnownFileType = sourcecode.swift; path = ViewController.swift; sourceTree = "<group>"; };
		59279EBC24E491D000BB70EA /* Base */ = {isa = PBXFileReference; lastKnownFileType = file.storyboard; name = Base; path = Base.lproj/Main.storyboard; sourceTree = "<group>"; };
		59279EBE24E491D400BB70EA /* Assets.xcassets */ = {isa = PBXFileReference; lastKnownFileType = folder.assetcatalog; path = Assets.xcassets; sourceTree = "<group>"; };
		59279EC124E491D400BB70EA /* Base */ = {isa = PBXFileReference; lastKnownFileType = file.storyboard; name = Base; path = Base.lproj/LaunchScreen.storyboard; sourceTree = "<group>"; };
		59279EC324E491D400BB70EA /* Info.plist */ = {isa = PBXFileReference; lastKnownFileType = text.plist.xml; path = Info.plist; sourceTree = "<group>"; };
		59279ECA24E495FE00BB70EA /* EFHMXibView.swift */ = {isa = PBXFileReference; lastKnownFileType = sourcecode.swift; path = EFHMXibView.swift; sourceTree = "<group>"; };
		59279ECC24E4962900BB70EA /* NSObject+Extension.swift */ = {isa = PBXFileReference; lastKnownFileType = sourcecode.swift; path = "NSObject+Extension.swift"; sourceTree = "<group>"; };
		59279ECF24E4969700BB70EA /* EFHMPageViewController.swift */ = {isa = PBXFileReference; lastKnownFileType = sourcecode.swift; path = EFHMPageViewController.swift; sourceTree = "<group>"; };
		59279ED124E496F500BB70EA /* EFHMHomePageController.swift */ = {isa = PBXFileReference; lastKnownFileType = sourcecode.swift; path = EFHMHomePageController.swift; sourceTree = "<group>"; };
		59279ED324E4972D00BB70EA /* EFHMIndexPageController.swift */ = {isa = PBXFileReference; lastKnownFileType = sourcecode.swift; path = EFHMIndexPageController.swift; sourceTree = "<group>"; };
		59897C3F25010BD8007DA16C /* EFHMProgressBody.xib */ = {isa = PBXFileReference; fileEncoding = 4; lastKnownFileType = file.xib; path = EFHMProgressBody.xib; sourceTree = "<group>"; };
		59897C4025010BD8007DA16C /* EFHMHomeViewController.swift */ = {isa = PBXFileReference; fileEncoding = 4; lastKnownFileType = sourcecode.swift; path = EFHMHomeViewController.swift; sourceTree = "<group>"; };
		59897C4125010BD8007DA16C /* EFHMProgressBody.swift */ = {isa = PBXFileReference; fileEncoding = 4; lastKnownFileType = sourcecode.swift; path = EFHMProgressBody.swift; sourceTree = "<group>"; };
		59C464F02503695B008EAE66 /* EFHMTopBarForQuiz.xib */ = {isa = PBXFileReference; fileEncoding = 4; lastKnownFileType = file.xib; path = EFHMTopBarForQuiz.xib; sourceTree = "<group>"; };
		59C464F12503695C008EAE66 /* EFHMTopBar.swift */ = {isa = PBXFileReference; fileEncoding = 4; lastKnownFileType = sourcecode.swift; path = EFHMTopBar.swift; sourceTree = "<group>"; };
		59C464F22503695C008EAE66 /* EFHMTopBarForQuiz2.swift */ = {isa = PBXFileReference; fileEncoding = 4; lastKnownFileType = sourcecode.swift; path = EFHMTopBarForQuiz2.swift; sourceTree = "<group>"; };
		59C464F32503695C008EAE66 /* EFHMTopBarForQuiz.swift */ = {isa = PBXFileReference; fileEncoding = 4; lastKnownFileType = sourcecode.swift; path = EFHMTopBarForQuiz.swift; sourceTree = "<group>"; };
		59C464F42503695C008EAE66 /* EFHMTopBar.xib */ = {isa = PBXFileReference; fileEncoding = 4; lastKnownFileType = file.xib; path = EFHMTopBar.xib; sourceTree = "<group>"; };
		59C464F52503695C008EAE66 /* EFHMTopBarForQuiz2.xib */ = {isa = PBXFileReference; fileEncoding = 4; lastKnownFileType = file.xib; path = EFHMTopBarForQuiz2.xib; sourceTree = "<group>"; };
		59C464FC25036C59008EAE66 /* EFHMVocabularyViewController.swift */ = {isa = PBXFileReference; fileEncoding = 4; lastKnownFileType = sourcecode.swift; path = EFHMVocabularyViewController.swift; sourceTree = "<group>"; };
		59C464FD25036C59008EAE66 /* EFHMVocabulary.swift */ = {isa = PBXFileReference; fileEncoding = 4; lastKnownFileType = sourcecode.swift; path = EFHMVocabulary.swift; sourceTree = "<group>"; };
		59C464FE25036C59008EAE66 /* EFHMVocabulary.xib */ = {isa = PBXFileReference; fileEncoding = 4; lastKnownFileType = file.xib; path = EFHMVocabulary.xib; sourceTree = "<group>"; };
		59C465032503738B008EAE66 /* EFHMSentence.swift */ = {isa = PBXFileReference; fileEncoding = 4; lastKnownFileType = sourcecode.swift; path = EFHMSentence.swift; sourceTree = "<group>"; };
		59C465052503738B008EAE66 /* EFHMSentenceViewController.swift */ = {isa = PBXFileReference; fileEncoding = 4; lastKnownFileType = sourcecode.swift; path = EFHMSentenceViewController.swift; sourceTree = "<group>"; };
		59C465062503738B008EAE66 /* EFHMSentence.xib */ = {isa = PBXFileReference; fileEncoding = 4; lastKnownFileType = file.xib; path = EFHMSentence.xib; sourceTree = "<group>"; };
		59C4650C25037942008EAE66 /* EFHMConversation.xib */ = {isa = PBXFileReference; fileEncoding = 4; lastKnownFileType = file.xib; path = EFHMConversation.xib; sourceTree = "<group>"; };
		59C4650D25037942008EAE66 /* EFHMConversationViewController.swift */ = {isa = PBXFileReference; fileEncoding = 4; lastKnownFileType = sourcecode.swift; path = EFHMConversationViewController.swift; sourceTree = "<group>"; };
		59C4650E25037943008EAE66 /* EFHMConversation.swift */ = {isa = PBXFileReference; fileEncoding = 4; lastKnownFileType = sourcecode.swift; path = EFHMConversation.swift; sourceTree = "<group>"; };
/* End PBXFileReference section */

/* Begin PBXFrameworksBuildPhase section */
		59279EAF24E491D000BB70EA /* Frameworks */ = {
			isa = PBXFrameworksBuildPhase;
			buildActionMask = 2147483647;
			files = (
			);
			runOnlyForDeploymentPostprocessing = 0;
		};
/* End PBXFrameworksBuildPhase section */

/* Begin PBXGroup section */
		59279EA924E491D000BB70EA = {
			isa = PBXGroup;
			children = (
				59279EB424E491D000BB70EA /* EnglishForHotelManagement */,
				59279EB324E491D000BB70EA /* Products */,
			);
			sourceTree = "<group>";
		};
		59279EB324E491D000BB70EA /* Products */ = {
			isa = PBXGroup;
			children = (
				59279EB224E491D000BB70EA /* EnglishForHotelManagement.app */,
			);
			name = Products;
			sourceTree = "<group>";
		};
		59279EB424E491D000BB70EA /* EnglishForHotelManagement */ = {
			isa = PBXGroup;
			children = (
				59C4650B2503792E008EAE66 /* Conversation */,
				59C4650225037340008EAE66 /* Sentence */,
				59C464EF2503695B008EAE66 /* TopBar */,
				59C464EE25036924008EAE66 /* Vocabulary */,
				59897C3C25010A60007DA16C /* Home */,
				59279ECE24E4967000BB70EA /* Slider */,
				59279EC924E495BD00BB70EA /* Extension */,
				59279EB524E491D000BB70EA /* AppDelegate.swift */,
				59279EB724E491D000BB70EA /* SceneDelegate.swift */,
				59279EB924E491D000BB70EA /* ViewController.swift */,
				59279EBB24E491D000BB70EA /* Main.storyboard */,
				59279EBE24E491D400BB70EA /* Assets.xcassets */,
				59279EC024E491D400BB70EA /* LaunchScreen.storyboard */,
				59279EC324E491D400BB70EA /* Info.plist */,
			);
			path = EnglishForHotelManagement;
			sourceTree = "<group>";
		};
		59279EC924E495BD00BB70EA /* Extension */ = {
			isa = PBXGroup;
			children = (
				59279ECA24E495FE00BB70EA /* EFHMXibView.swift */,
				59279ECC24E4962900BB70EA /* NSObject+Extension.swift */,
			);
			path = Extension;
			sourceTree = "<group>";
		};
		59279ECE24E4967000BB70EA /* Slider */ = {
			isa = PBXGroup;
			children = (
				59279ECF24E4969700BB70EA /* EFHMPageViewController.swift */,
				59279ED124E496F500BB70EA /* EFHMHomePageController.swift */,
				59279ED324E4972D00BB70EA /* EFHMIndexPageController.swift */,
			);
			path = Slider;
			sourceTree = "<group>";
		};
		59897C3C25010A60007DA16C /* Home */ = {
			isa = PBXGroup;
			children = (
				59897C4025010BD8007DA16C /* EFHMHomeViewController.swift */,
				59897C4125010BD8007DA16C /* EFHMProgressBody.swift */,
				59897C3F25010BD8007DA16C /* EFHMProgressBody.xib */,
			);
			path = Home;
			sourceTree = "<group>";
		};
		59C464EE25036924008EAE66 /* Vocabulary */ = {
			isa = PBXGroup;
			children = (
				59C464FD25036C59008EAE66 /* EFHMVocabulary.swift */,
				59C464FE25036C59008EAE66 /* EFHMVocabulary.xib */,
				59C464FC25036C59008EAE66 /* EFHMVocabularyViewController.swift */,
			);
			path = Vocabulary;
			sourceTree = "<group>";
		};
		59C464EF2503695B008EAE66 /* TopBar */ = {
			isa = PBXGroup;
			children = (
				59C464F02503695B008EAE66 /* EFHMTopBarForQuiz.xib */,
				59C464F12503695C008EAE66 /* EFHMTopBar.swift */,
				59C464F22503695C008EAE66 /* EFHMTopBarForQuiz2.swift */,
				59C464F32503695C008EAE66 /* EFHMTopBarForQuiz.swift */,
				59C464F42503695C008EAE66 /* EFHMTopBar.xib */,
				59C464F52503695C008EAE66 /* EFHMTopBarForQuiz2.xib */,
			);
			path = TopBar;
			sourceTree = "<group>";
		};
		59C4650225037340008EAE66 /* Sentence */ = {
			isa = PBXGroup;
			children = (
				59C465032503738B008EAE66 /* EFHMSentence.swift */,
				59C465062503738B008EAE66 /* EFHMSentence.xib */,
				59C465052503738B008EAE66 /* EFHMSentenceViewController.swift */,
			);
			path = Sentence;
			sourceTree = "<group>";
		};
		59C4650B2503792E008EAE66 /* Conversation */ = {
			isa = PBXGroup;
			children = (
				59C4650E25037943008EAE66 /* EFHMConversation.swift */,
				59C4650C25037942008EAE66 /* EFHMConversation.xib */,
				59C4650D25037942008EAE66 /* EFHMConversationViewController.swift */,
			);
			path = Conversation;
			sourceTree = "<group>";
		};
/* End PBXGroup section */

/* Begin PBXNativeTarget section */
		59279EB124E491D000BB70EA /* EnglishForHotelManagement */ = {
			isa = PBXNativeTarget;
			buildConfigurationList = 59279EC624E491D400BB70EA /* Build configuration list for PBXNativeTarget "EnglishForHotelManagement" */;
			buildPhases = (
				59279EAE24E491D000BB70EA /* Sources */,
				59279EAF24E491D000BB70EA /* Frameworks */,
				59279EB024E491D000BB70EA /* Resources */,
			);
			buildRules = (
			);
			dependencies = (
			);
			name = EnglishForHotelManagement;
			productName = EnglishForHotelManagement;
			productReference = 59279EB224E491D000BB70EA /* EnglishForHotelManagement.app */;
			productType = "com.apple.product-type.application";
		};
/* End PBXNativeTarget section */

/* Begin PBXProject section */
		59279EAA24E491D000BB70EA /* Project object */ = {
			isa = PBXProject;
			attributes = {
				CLASSPREFIX = EFHM;
				LastSwiftUpdateCheck = 1130;
				LastUpgradeCheck = 1130;
				ORGANIZATIONNAME = "Opu Sumon";
				TargetAttributes = {
					59279EB124E491D000BB70EA = {
						CreatedOnToolsVersion = 11.3;
					};
				};
			};
			buildConfigurationList = 59279EAD24E491D000BB70EA /* Build configuration list for PBXProject "EnglishForHotelManagement" */;
			compatibilityVersion = "Xcode 9.3";
			developmentRegion = en;
			hasScannedForEncodings = 0;
			knownRegions = (
				en,
				Base,
			);
			mainGroup = 59279EA924E491D000BB70EA;
			productRefGroup = 59279EB324E491D000BB70EA /* Products */;
			projectDirPath = "";
			projectRoot = "";
			targets = (
				59279EB124E491D000BB70EA /* EnglishForHotelManagement */,
			);
		};
/* End PBXProject section */

/* Begin PBXResourcesBuildPhase section */
		59279EB024E491D000BB70EA /* Resources */ = {
			isa = PBXResourcesBuildPhase;
			buildActionMask = 2147483647;
			files = (
				59C4650A2503738B008EAE66 /* EFHMSentence.xib in Resources */,
				59C4650125036C59008EAE66 /* EFHMVocabulary.xib in Resources */,
				59C464F62503695C008EAE66 /* EFHMTopBarForQuiz.xib in Resources */,
				59279EC224E491D400BB70EA /* LaunchScreen.storyboard in Resources */,
				59897C4225010BD8007DA16C /* EFHMProgressBody.xib in Resources */,
				59279EBF24E491D400BB70EA /* Assets.xcassets in Resources */,
				59C464FB2503695C008EAE66 /* EFHMTopBarForQuiz2.xib in Resources */,
				59C464FA2503695C008EAE66 /* EFHMTopBar.xib in Resources */,
				59279EBD24E491D000BB70EA /* Main.storyboard in Resources */,
				59C4650F25037943008EAE66 /* EFHMConversation.xib in Resources */,
			);
			runOnlyForDeploymentPostprocessing = 0;
		};
/* End PBXResourcesBuildPhase section */

/* Begin PBXSourcesBuildPhase section */
		59279EAE24E491D000BB70EA /* Sources */ = {
			isa = PBXSourcesBuildPhase;
			buildActionMask = 2147483647;
			files = (
				59C4651025037943008EAE66 /* EFHMConversationViewController.swift in Sources */,
				59C465092503738B008EAE66 /* EFHMSentenceViewController.swift in Sources */,
				59279ECD24E4962900BB70EA /* NSObject+Extension.swift in Sources */,
				59897C4325010BD8007DA16C /* EFHMHomeViewController.swift in Sources */,
				59279ED424E4972D00BB70EA /* EFHMIndexPageController.swift in Sources */,
				59279ED024E4969700BB70EA /* EFHMPageViewController.swift in Sources */,
				59279ED224E496F500BB70EA /* EFHMHomePageController.swift in Sources */,
				59C464F92503695C008EAE66 /* EFHMTopBarForQuiz.swift in Sources */,
				59279EBA24E491D000BB70EA /* ViewController.swift in Sources */,
				59C464F82503695C008EAE66 /* EFHMTopBarForQuiz2.swift in Sources */,
				59279EB624E491D000BB70EA /* AppDelegate.swift in Sources */,
				59C4650025036C59008EAE66 /* EFHMVocabulary.swift in Sources */,
				59897C4425010BD8007DA16C /* EFHMProgressBody.swift in Sources */,
				59279ECB24E495FE00BB70EA /* EFHMXibView.swift in Sources */,
				59279EB824E491D000BB70EA /* SceneDelegate.swift in Sources */,
				59C464F72503695C008EAE66 /* EFHMTopBar.swift in Sources */,
				59C464FF25036C59008EAE66 /* EFHMVocabularyViewController.swift in Sources */,
				59C465072503738B008EAE66 /* EFHMSentence.swift in Sources */,
				59C4651125037943008EAE66 /* EFHMConversation.swift in Sources */,
			);
			runOnlyForDeploymentPostprocessing = 0;
		};
/* End PBXSourcesBuildPhase section */

/* Begin PBXVariantGroup section */
		59279EBB24E491D000BB70EA /* Main.storyboard */ = {
			isa = PBXVariantGroup;
			children = (
				59279EBC24E491D000BB70EA /* Base */,
			);
			name = Main.storyboard;
			sourceTree = "<group>";
		};
		59279EC024E491D400BB70EA /* LaunchScreen.storyboard */ = {
			isa = PBXVariantGroup;
			children = (
				59279EC124E491D400BB70EA /* Base */,
			);
			name = LaunchScreen.storyboard;
			sourceTree = "<group>";
		};
/* End PBXVariantGroup section */

/* Begin XCBuildConfiguration section */
		59279EC424E491D400BB70EA /* Debug */ = {
			isa = XCBuildConfiguration;
			buildSettings = {
				ALWAYS_SEARCH_USER_PATHS = NO;
				CLANG_ANALYZER_NONNULL = YES;
				CLANG_ANALYZER_NUMBER_OBJECT_CONVERSION = YES_AGGRESSIVE;
				CLANG_CXX_LANGUAGE_STANDARD = "gnu++14";
				CLANG_CXX_LIBRARY = "libc++";
				CLANG_ENABLE_MODULES = YES;
				CLANG_ENABLE_OBJC_ARC = YES;
				CLANG_ENABLE_OBJC_WEAK = YES;
				CLANG_WARN_BLOCK_CAPTURE_AUTORELEASING = YES;
				CLANG_WARN_BOOL_CONVERSION = YES;
				CLANG_WARN_COMMA = YES;
				CLANG_WARN_CONSTANT_CONVERSION = YES;
				CLANG_WARN_DEPRECATED_OBJC_IMPLEMENTATIONS = YES;
				CLANG_WARN_DIRECT_OBJC_ISA_USAGE = YES_ERROR;
				CLANG_WARN_DOCUMENTATION_COMMENTS = YES;
				CLANG_WARN_EMPTY_BODY = YES;
				CLANG_WARN_ENUM_CONVERSION = YES;
				CLANG_WARN_INFINITE_RECURSION = YES;
				CLANG_WARN_INT_CONVERSION = YES;
				CLANG_WARN_NON_LITERAL_NULL_CONVERSION = YES;
				CLANG_WARN_OBJC_IMPLICIT_RETAIN_SELF = YES;
				CLANG_WARN_OBJC_LITERAL_CONVERSION = YES;
				CLANG_WARN_OBJC_ROOT_CLASS = YES_ERROR;
				CLANG_WARN_RANGE_LOOP_ANALYSIS = YES;
				CLANG_WARN_STRICT_PROTOTYPES = YES;
				CLANG_WARN_SUSPICIOUS_MOVE = YES;
				CLANG_WARN_UNGUARDED_AVAILABILITY = YES_AGGRESSIVE;
				CLANG_WARN_UNREACHABLE_CODE = YES;
				CLANG_WARN__DUPLICATE_METHOD_MATCH = YES;
				COPY_PHASE_STRIP = NO;
				DEBUG_INFORMATION_FORMAT = dwarf;
				ENABLE_STRICT_OBJC_MSGSEND = YES;
				ENABLE_TESTABILITY = YES;
				GCC_C_LANGUAGE_STANDARD = gnu11;
				GCC_DYNAMIC_NO_PIC = NO;
				GCC_NO_COMMON_BLOCKS = YES;
				GCC_OPTIMIZATION_LEVEL = 0;
				GCC_PREPROCESSOR_DEFINITIONS = (
					"DEBUG=1",
					"$(inherited)",
				);
				GCC_WARN_64_TO_32_BIT_CONVERSION = YES;
				GCC_WARN_ABOUT_RETURN_TYPE = YES_ERROR;
				GCC_WARN_UNDECLARED_SELECTOR = YES;
				GCC_WARN_UNINITIALIZED_AUTOS = YES_AGGRESSIVE;
				GCC_WARN_UNUSED_FUNCTION = YES;
				GCC_WARN_UNUSED_VARIABLE = YES;
				IPHONEOS_DEPLOYMENT_TARGET = 13.2;
				MTL_ENABLE_DEBUG_INFO = INCLUDE_SOURCE;
				MTL_FAST_MATH = YES;
				ONLY_ACTIVE_ARCH = YES;
				SDKROOT = iphoneos;
				SWIFT_ACTIVE_COMPILATION_CONDITIONS = DEBUG;
				SWIFT_OPTIMIZATION_LEVEL = "-Onone";
			};
			name = Debug;
		};
		59279EC524E491D400BB70EA /* Release */ = {
			isa = XCBuildConfiguration;
			buildSettings = {
				ALWAYS_SEARCH_USER_PATHS = NO;
				CLANG_ANALYZER_NONNULL = YES;
				CLANG_ANALYZER_NUMBER_OBJECT_CONVERSION = YES_AGGRESSIVE;
				CLANG_CXX_LANGUAGE_STANDARD = "gnu++14";
				CLANG_CXX_LIBRARY = "libc++";
				CLANG_ENABLE_MODULES = YES;
				CLANG_ENABLE_OBJC_ARC = YES;
				CLANG_ENABLE_OBJC_WEAK = YES;
				CLANG_WARN_BLOCK_CAPTURE_AUTORELEASING = YES;
				CLANG_WARN_BOOL_CONVERSION = YES;
				CLANG_WARN_COMMA = YES;
				CLANG_WARN_CONSTANT_CONVERSION = YES;
				CLANG_WARN_DEPRECATED_OBJC_IMPLEMENTATIONS = YES;
				CLANG_WARN_DIRECT_OBJC_ISA_USAGE = YES_ERROR;
				CLANG_WARN_DOCUMENTATION_COMMENTS = YES;
				CLANG_WARN_EMPTY_BODY = YES;
				CLANG_WARN_ENUM_CONVERSION = YES;
				CLANG_WARN_INFINITE_RECURSION = YES;
				CLANG_WARN_INT_CONVERSION = YES;
				CLANG_WARN_NON_LITERAL_NULL_CONVERSION = YES;
				CLANG_WARN_OBJC_IMPLICIT_RETAIN_SELF = YES;
				CLANG_WARN_OBJC_LITERAL_CONVERSION = YES;
				CLANG_WARN_OBJC_ROOT_CLASS = YES_ERROR;
				CLANG_WARN_RANGE_LOOP_ANALYSIS = YES;
				CLANG_WARN_STRICT_PROTOTYPES = YES;
				CLANG_WARN_SUSPICIOUS_MOVE = YES;
				CLANG_WARN_UNGUARDED_AVAILABILITY = YES_AGGRESSIVE;
				CLANG_WARN_UNREACHABLE_CODE = YES;
				CLANG_WARN__DUPLICATE_METHOD_MATCH = YES;
				COPY_PHASE_STRIP = NO;
				DEBUG_INFORMATION_FORMAT = "dwarf-with-dsym";
				ENABLE_NS_ASSERTIONS = NO;
				ENABLE_STRICT_OBJC_MSGSEND = YES;
				GCC_C_LANGUAGE_STANDARD = gnu11;
				GCC_NO_COMMON_BLOCKS = YES;
				GCC_WARN_64_TO_32_BIT_CONVERSION = YES;
				GCC_WARN_ABOUT_RETURN_TYPE = YES_ERROR;
				GCC_WARN_UNDECLARED_SELECTOR = YES;
				GCC_WARN_UNINITIALIZED_AUTOS = YES_AGGRESSIVE;
				GCC_WARN_UNUSED_FUNCTION = YES;
				GCC_WARN_UNUSED_VARIABLE = YES;
				IPHONEOS_DEPLOYMENT_TARGET = 13.2;
				MTL_ENABLE_DEBUG_INFO = NO;
				MTL_FAST_MATH = YES;
				SDKROOT = iphoneos;
				SWIFT_COMPILATION_MODE = wholemodule;
				SWIFT_OPTIMIZATION_LEVEL = "-O";
				VALIDATE_PRODUCT = YES;
			};
			name = Release;
		};
		59279EC724E491D400BB70EA /* Debug */ = {
			isa = XCBuildConfiguration;
			buildSettings = {
				ASSETCATALOG_COMPILER_APPICON_NAME = AppIcon;
				CODE_SIGN_STYLE = Automatic;
				INFOPLIST_FILE = EnglishForHotelManagement/Info.plist;
				LD_RUNPATH_SEARCH_PATHS = (
					"$(inherited)",
					"@executable_path/Frameworks",
				);
				PRODUCT_BUNDLE_IDENTIFIER = com.sumon.efhm.EnglishForHotelManagement;
				PRODUCT_NAME = "$(TARGET_NAME)";
				SWIFT_VERSION = 5.0;
				TARGETED_DEVICE_FAMILY = "1,2";
			};
			name = Debug;
		};
		59279EC824E491D400BB70EA /* Release */ = {
			isa = XCBuildConfiguration;
			buildSettings = {
				ASSETCATALOG_COMPILER_APPICON_NAME = AppIcon;
				CODE_SIGN_STYLE = Automatic;
				INFOPLIST_FILE = EnglishForHotelManagement/Info.plist;
				LD_RUNPATH_SEARCH_PATHS = (
					"$(inherited)",
					"@executable_path/Frameworks",
				);
				PRODUCT_BUNDLE_IDENTIFIER = com.sumon.efhm.EnglishForHotelManagement;
				PRODUCT_NAME = "$(TARGET_NAME)";
				SWIFT_VERSION = 5.0;
				TARGETED_DEVICE_FAMILY = "1,2";
			};
			name = Release;
		};
/* End XCBuildConfiguration section */

/* Begin XCConfigurationList section */
		59279EAD24E491D000BB70EA /* Build configuration list for PBXProject "EnglishForHotelManagement" */ = {
			isa = XCConfigurationList;
			buildConfigurations = (
				59279EC424E491D400BB70EA /* Debug */,
				59279EC524E491D400BB70EA /* Release */,
			);
			defaultConfigurationIsVisible = 0;
			defaultConfigurationName = Release;
		};
		59279EC624E491D400BB70EA /* Build configuration list for PBXNativeTarget "EnglishForHotelManagement" */ = {
			isa = XCConfigurationList;
			buildConfigurations = (
				59279EC724E491D400BB70EA /* Debug */,
				59279EC824E491D400BB70EA /* Release */,
			);
			defaultConfigurationIsVisible = 0;
			defaultConfigurationName = Release;
		};
/* End XCConfigurationList section */
	};
	rootObject = 59279EAA24E491D000BB70EA /* Project object */;
}
